
Microsoft Visual Studio Solution File, Format Version 12.00
# Visual Studio Version 16
VisualStudioVersion = 16.0.31205.134
MinimumVisualStudioVersion = 10.0.40219.1
Project("{FAE04EC0-301F-11D3-BF4B-00C04F79EFBC}") = "StorageAndAcounting.BL", "StorageAndAcounting.BL\StorageAndAcounting.BL.csproj", "{1C587826-23CF-40D1-9B7C-A6E7326B2F3D}"
EndProject
Project("{FAE04EC0-301F-11D3-BF4B-00C04F79EFBC}") = "StorageAndAcounting.CMD", "StorageAndAcounting.CMD\StorageAndAcounting.CMD.csproj", "{AF59CE0A-E93F-48D1-9AF8-DC5A380A97B3}"
EndProject
Global
	GlobalSection(SolutionConfigurationPlatforms) = preSolution
		Debug|Any CPU = Debug|Any CPU
		Release|Any CPU = Release|Any CPU
	EndGlobalSection
	GlobalSection(ProjectConfigurationPlatforms) = postSolution
		{1C587826-23CF-40D1-9B7C-A6E7326B2F3D}.Debug|Any CPU.ActiveCfg = Debug|Any CPU
		{1C587826-23CF-40D1-9B7C-A6E7326B2F3D}.Debug|Any CPU.Build.0 = Debug|Any CPU
		{1C587826-23CF-40D1-9B7C-A6E7326B2F3D}.Release|Any CPU.ActiveCfg = Release|Any CPU
		{1C587826-23CF-40D1-9B7C-A6E7326B2F3D}.Release|Any CPU.Build.0 = Release|Any CPU
		{AF59CE0A-E93F-48D1-9AF8-DC5A380A97B3}.Debug|Any CPU.ActiveCfg = Debug|Any CPU
		{AF59CE0A-E93F-48D1-9AF8-DC5A380A97B3}.Debug|Any CPU.Build.0 = Debug|Any CPU
		{AF59CE0A-E93F-48D1-9AF8-DC5A380A97B3}.Release|Any CPU.ActiveCfg = Release|Any CPU
		{AF59CE0A-E93F-48D1-9AF8-DC5A380A97B3}.Release|Any CPU.Build.0 = Release|Any CPU
	EndGlobalSection
	GlobalSection(SolutionProperties) = preSolution
		HideSolutionNode = FALSE
	EndGlobalSection
	GlobalSection(ExtensibilityGlobals) = postSolution
		SolutionGuid = {5476D1BC-04E8-40F6-A77C-FC393CA82D4F}
	EndGlobalSection
EndGlobal
